
Microsoft Visual Studio Solution File, Format Version 12.00
# Visual Studio Version 17
VisualStudioVersion = 17.8.34309.116
MinimumVisualStudioVersion = 10.0.40219.1
Project("{FAE04EC0-301F-11D3-BF4B-00C04F79EFBC}") = "TestForCourse_Bokalo", "TestForCourse_Bokalo\TestForCourse_Bokalo.csproj", "{393EAE48-FCDF-4B6B-9D12-29E2F0E31AD8}"
EndProject
Global
	GlobalSection(SolutionConfigurationPlatforms) = preSolution
		Debug|Any CPU = Debug|Any CPU
		Release|Any CPU = Release|Any CPU
	EndGlobalSection
	GlobalSection(ProjectConfigurationPlatforms) = postSolution
		{393EAE48-FCDF-4B6B-9D12-29E2F0E31AD8}.Debug|Any CPU.ActiveCfg = Debug|Any CPU
		{393EAE48-FCDF-4B6B-9D12-29E2F0E31AD8}.Debug|Any CPU.Build.0 = Debug|Any CPU
		{393EAE48-FCDF-4B6B-9D12-29E2F0E31AD8}.Release|Any CPU.ActiveCfg = Release|Any CPU
		{393EAE48-FCDF-4B6B-9D12-29E2F0E31AD8}.Release|Any CPU.Build.0 = Release|Any CPU
	EndGlobalSection
	GlobalSection(SolutionProperties) = preSolution
		HideSolutionNode = FALSE
	EndGlobalSection
	GlobalSection(ExtensibilityGlobals) = postSolution
		SolutionGuid = {E67A2598-B9BB-4A7F-8D6B-A6455B90BB11}
	EndGlobalSection
EndGlobal
